
Microsoft Visual Studio Solution File, Format Version 12.00
# Visual Studio 15
VisualStudioVersion = 15.0.28307.421
MinimumVisualStudioVersion = 10.0.40219.1
Project("{FAE04EC0-301F-11D3-BF4B-00C04F79EFBC}") = "fourplaces.Android", "fourplaces\fourplaces.Android\fourplaces.Android.csproj", "{8A137678-0F5F-4BF3-8EDD-39280BB1D7D4}"
EndProject
Project("{FAE04EC0-301F-11D3-BF4B-00C04F79EFBC}") = "fourplaces.iOS", "fourplaces\fourplaces.iOS\fourplaces.iOS.csproj", "{7CE1910B-5668-4B64-A8D4-E36909FC73B9}"
EndProject
Project("{FAE04EC0-301F-11D3-BF4B-00C04F79EFBC}") = "fourplaces", "fourplaces\fourplaces\fourplaces.csproj", "{DDB387F3-D65C-4893-86F4-763DAC6C14F6}"
EndProject
Global
	GlobalSection(SolutionConfigurationPlatforms) = preSolution
		Ad-Hoc|Any CPU = Ad-Hoc|Any CPU
		Ad-Hoc|iPhone = Ad-Hoc|iPhone
		Ad-Hoc|iPhoneSimulator = Ad-Hoc|iPhoneSimulator
		AppStore|Any CPU = AppStore|Any CPU
		AppStore|iPhone = AppStore|iPhone
		AppStore|iPhoneSimulator = AppStore|iPhoneSimulator
		Debug|Any CPU = Debug|Any CPU
		Debug|iPhone = Debug|iPhone
		Debug|iPhoneSimulator = Debug|iPhoneSimulator
		Release|Any CPU = Release|Any CPU
		Release|iPhone = Release|iPhone
		Release|iPhoneSimulator = Release|iPhoneSimulator
	EndGlobalSection
	GlobalSection(ProjectConfigurationPlatforms) = postSolution
		{8A137678-0F5F-4BF3-8EDD-39280BB1D7D4}.Ad-Hoc|Any CPU.ActiveCfg = Release|Any CPU
		{8A137678-0F5F-4BF3-8EDD-39280BB1D7D4}.Ad-Hoc|Any CPU.Build.0 = Release|Any CPU
		{8A137678-0F5F-4BF3-8EDD-39280BB1D7D4}.Ad-Hoc|Any CPU.Deploy.0 = Release|Any CPU
		{8A137678-0F5F-4BF3-8EDD-39280BB1D7D4}.Ad-Hoc|iPhone.ActiveCfg = Release|Any CPU
		{8A137678-0F5F-4BF3-8EDD-39280BB1D7D4}.Ad-Hoc|iPhone.Build.0 = Release|Any CPU
		{8A137678-0F5F-4BF3-8EDD-39280BB1D7D4}.Ad-Hoc|iPhone.Deploy.0 = Release|Any CPU
		{8A137678-0F5F-4BF3-8EDD-39280BB1D7D4}.Ad-Hoc|iPhoneSimulator.ActiveCfg = Release|Any CPU
		{8A137678-0F5F-4BF3-8EDD-39280BB1D7D4}.Ad-Hoc|iPhoneSimulator.Build.0 = Release|Any CPU
		{8A137678-0F5F-4BF3-8EDD-39280BB1D7D4}.Ad-Hoc|iPhoneSimulator.Deploy.0 = Release|Any CPU
		{8A137678-0F5F-4BF3-8EDD-39280BB1D7D4}.AppStore|Any CPU.ActiveCfg = Release|Any CPU
		{8A137678-0F5F-4BF3-8EDD-39280BB1D7D4}.AppStore|Any CPU.Build.0 = Release|Any CPU
		{8A137678-0F5F-4BF3-8EDD-39280BB1D7D4}.AppStore|Any CPU.Deploy.0 = Release|Any CPU
		{8A137678-0F5F-4BF3-8EDD-39280BB1D7D4}.AppStore|iPhone.ActiveCfg = Release|Any CPU
		{8A137678-0F5F-4BF3-8EDD-39280BB1D7D4}.AppStore|iPhone.Build.0 = Release|Any CPU
		{8A137678-0F5F-4BF3-8EDD-39280BB1D7D4}.AppStore|iPhone.Deploy.0 = Release|Any CPU
		{8A137678-0F5F-4BF3-8EDD-39280BB1D7D4}.AppStore|iPhoneSimulator.ActiveCfg = Release|Any CPU
		{8A137678-0F5F-4BF3-8EDD-39280BB1D7D4}.AppStore|iPhoneSimulator.Build.0 = Release|Any CPU
		{8A137678-0F5F-4BF3-8EDD-39280BB1D7D4}.AppStore|iPhoneSimulator.Deploy.0 = Release|Any CPU
		{8A137678-0F5F-4BF3-8EDD-39280BB1D7D4}.Debug|Any CPU.ActiveCfg = Debug|Any CPU
		{8A137678-0F5F-4BF3-8EDD-39280BB1D7D4}.Debug|Any CPU.Build.0 = Debug|Any CPU
		{8A137678-0F5F-4BF3-8EDD-39280BB1D7D4}.Debug|Any CPU.Deploy.0 = Debug|Any CPU
		{8A137678-0F5F-4BF3-8EDD-39280BB1D7D4}.Debug|iPhone.ActiveCfg = Debug|Any CPU
		{8A137678-0F5F-4BF3-8EDD-39280BB1D7D4}.Debug|iPhone.Build.0 = Debug|Any CPU
		{8A137678-0F5F-4BF3-8EDD-39280BB1D7D4}.Debug|iPhone.Deploy.0 = Debug|Any CPU
		{8A137678-0F5F-4BF3-8EDD-39280BB1D7D4}.Debug|iPhoneSimulator.ActiveCfg = Debug|Any CPU
		{8A137678-0F5F-4BF3-8EDD-39280BB1D7D4}.Debug|iPhoneSimulator.Build.0 = Debug|Any CPU
		{8A137678-0F5F-4BF3-8EDD-39280BB1D7D4}.Debug|iPhoneSimulator.Deploy.0 = Debug|Any CPU
		{8A137678-0F5F-4BF3-8EDD-39280BB1D7D4}.Release|Any CPU.ActiveCfg = Release|Any CPU
		{8A137678-0F5F-4BF3-8EDD-39280BB1D7D4}.Release|Any CPU.Build.0 = Release|Any CPU
		{8A137678-0F5F-4BF3-8EDD-39280BB1D7D4}.Release|Any CPU.Deploy.0 = Release|Any CPU
		{8A137678-0F5F-4BF3-8EDD-39280BB1D7D4}.Release|iPhone.ActiveCfg = Release|Any CPU
		{8A137678-0F5F-4BF3-8EDD-39280BB1D7D4}.Release|iPhone.Build.0 = Release|Any CPU
		{8A137678-0F5F-4BF3-8EDD-39280BB1D7D4}.Release|iPhone.Deploy.0 = Release|Any CPU
		{8A137678-0F5F-4BF3-8EDD-39280BB1D7D4}.Release|iPhoneSimulator.ActiveCfg = Release|Any CPU
		{8A137678-0F5F-4BF3-8EDD-39280BB1D7D4}.Release|iPhoneSimulator.Build.0 = Release|Any CPU
		{8A137678-0F5F-4BF3-8EDD-39280BB1D7D4}.Release|iPhoneSimulator.Deploy.0 = Release|Any CPU
		{7CE1910B-5668-4B64-A8D4-E36909FC73B9}.Ad-Hoc|Any CPU.ActiveCfg = Ad-Hoc|iPhone
		{7CE1910B-5668-4B64-A8D4-E36909FC73B9}.Ad-Hoc|Any CPU.Build.0 = Ad-Hoc|iPhone
		{7CE1910B-5668-4B64-A8D4-E36909FC73B9}.Ad-Hoc|Any CPU.Deploy.0 = Ad-Hoc|iPhone
		{7CE1910B-5668-4B64-A8D4-E36909FC73B9}.Ad-Hoc|iPhone.ActiveCfg = Ad-Hoc|iPhone
		{7CE1910B-5668-4B64-A8D4-E36909FC73B9}.Ad-Hoc|iPhone.Build.0 = Ad-Hoc|iPhone
		{7CE1910B-5668-4B64-A8D4-E36909FC73B9}.Ad-Hoc|iPhone.Deploy.0 = Ad-Hoc|iPhone
		{7CE1910B-5668-4B64-A8D4-E36909FC73B9}.Ad-Hoc|iPhoneSimulator.ActiveCfg = Ad-Hoc|iPhoneSimulator
		{7CE1910B-5668-4B64-A8D4-E36909FC73B9}.Ad-Hoc|iPhoneSimulator.Build.0 = Ad-Hoc|iPhoneSimulator
		{7CE1910B-5668-4B64-A8D4-E36909FC73B9}.Ad-Hoc|iPhoneSimulator.Deploy.0 = Ad-Hoc|iPhoneSimulator
		{7CE1910B-5668-4B64-A8D4-E36909FC73B9}.AppStore|Any CPU.ActiveCfg = AppStore|iPhone
		{7CE1910B-5668-4B64-A8D4-E36909FC73B9}.AppStore|Any CPU.Build.0 = AppStore|iPhone
		{7CE1910B-5668-4B64-A8D4-E36909FC73B9}.AppStore|Any CPU.Deploy.0 = AppStore|iPhone
		{7CE1910B-5668-4B64-A8D4-E36909FC73B9}.AppStore|iPhone.ActiveCfg = AppStore|iPhone
		{7CE1910B-5668-4B64-A8D4-E36909FC73B9}.AppStore|iPhone.Build.0 = AppStore|iPhone
		{7CE1910B-5668-4B64-A8D4-E36909FC73B9}.AppStore|iPhone.Deploy.0 = AppStore|iPhone
		{7CE1910B-5668-4B64-A8D4-E36909FC73B9}.AppStore|iPhoneSimulator.ActiveCfg = AppStore|iPhoneSimulator
		{7CE1910B-5668-4B64-A8D4-E36909FC73B9}.AppStore|iPhoneSimulator.Build.0 = AppStore|iPhoneSimulator
		{7CE1910B-5668-4B64-A8D4-E36909FC73B9}.AppStore|iPhoneSimulator.Deploy.0 = AppStore|iPhoneSimulator
		{7CE1910B-5668-4B64-A8D4-E36909FC73B9}.Debug|Any CPU.ActiveCfg = Debug|iPhoneSimulator
		{7CE1910B-5668-4B64-A8D4-E36909FC73B9}.Debug|Any CPU.Build.0 = Debug|iPhoneSimulator
		{7CE1910B-5668-4B64-A8D4-E36909FC73B9}.Debug|Any CPU.Deploy.0 = Debug|iPhoneSimulator
		{7CE1910B-5668-4B64-A8D4-E36909FC73B9}.Debug|iPhone.ActiveCfg = Debug|iPhone
		{7CE1910B-5668-4B64-A8D4-E36909FC73B9}.Debug|iPhone.Build.0 = Debug|iPhone
		{7CE1910B-5668-4B64-A8D4-E36909FC73B9}.Debug|iPhone.Deploy.0 = Debug|iPhone
		{7CE1910B-5668-4B64-A8D4-E36909FC73B9}.Debug|iPhoneSimulator.ActiveCfg = Debug|iPhoneSimulator
		{7CE1910B-5668-4B64-A8D4-E36909FC73B9}.Debug|iPhoneSimulator.Build.0 = Debug|iPhoneSimulator
		{7CE1910B-5668-4B64-A8D4-E36909FC73B9}.Debug|iPhoneSimulator.Deploy.0 = Debug|iPhoneSimulator
		{7CE1910B-5668-4B64-A8D4-E36909FC73B9}.Release|Any CPU.ActiveCfg = Release|iPhone
		{7CE1910B-5668-4B64-A8D4-E36909FC73B9}.Release|Any CPU.Build.0 = Release|iPhone
		{7CE1910B-5668-4B64-A8D4-E36909FC73B9}.Release|Any CPU.Deploy.0 = Release|iPhone
		{7CE1910B-5668-4B64-A8D4-E36909FC73B9}.Release|iPhone.ActiveCfg = Release|iPhone
		{7CE1910B-5668-4B64-A8D4-E36909FC73B9}.Release|iPhone.Build.0 = Release|iPhone
		{7CE1910B-5668-4B64-A8D4-E36909FC73B9}.Release|iPhone.Deploy.0 = Release|iPhone
		{7CE1910B-5668-4B64-A8D4-E36909FC73B9}.Release|iPhoneSimulator.ActiveCfg = Release|iPhoneSimulator
		{7CE1910B-5668-4B64-A8D4-E36909FC73B9}.Release|iPhoneSimulator.Build.0 = Release|iPhoneSimulator
		{7CE1910B-5668-4B64-A8D4-E36909FC73B9}.Release|iPhoneSimulator.Deploy.0 = Release|iPhoneSimulator
		{DDB387F3-D65C-4893-86F4-763DAC6C14F6}.Ad-Hoc|Any CPU.ActiveCfg = Debug|Any CPU
		{DDB387F3-D65C-4893-86F4-763DAC6C14F6}.Ad-Hoc|Any CPU.Build.0 = Debug|Any CPU
		{DDB387F3-D65C-4893-86F4-763DAC6C14F6}.Ad-Hoc|Any CPU.Deploy.0 = Debug|Any CPU
		{DDB387F3-D65C-4893-86F4-763DAC6C14F6}.Ad-Hoc|iPhone.ActiveCfg = Debug|Any CPU
		{DDB387F3-D65C-4893-86F4-763DAC6C14F6}.Ad-Hoc|iPhone.Build.0 = Debug|Any CPU
		{DDB387F3-D65C-4893-86F4-763DAC6C14F6}.Ad-Hoc|iPhone.Deploy.0 = Debug|Any CPU
		{DDB387F3-D65C-4893-86F4-763DAC6C14F6}.Ad-Hoc|iPhoneSimulator.ActiveCfg = Debug|Any CPU
		{DDB387F3-D65C-4893-86F4-763DAC6C14F6}.Ad-Hoc|iPhoneSimulator.Build.0 = Debug|Any CPU
		{DDB387F3-D65C-4893-86F4-763DAC6C14F6}.Ad-Hoc|iPhoneSimulator.Deploy.0 = Debug|Any CPU
		{DDB387F3-D65C-4893-86F4-763DAC6C14F6}.AppStore|Any CPU.ActiveCfg = Debug|Any CPU
		{DDB387F3-D65C-4893-86F4-763DAC6C14F6}.AppStore|Any CPU.Build.0 = Debug|Any CPU
		{DDB387F3-D65C-4893-86F4-763DAC6C14F6}.AppStore|Any CPU.Deploy.0 = Debug|Any CPU
		{DDB387F3-D65C-4893-86F4-763DAC6C14F6}.AppStore|iPhone.ActiveCfg = Debug|Any CPU
		{DDB387F3-D65C-4893-86F4-763DAC6C14F6}.AppStore|iPhone.Build.0 = Debug|Any CPU
		{DDB387F3-D65C-4893-86F4-763DAC6C14F6}.AppStore|iPhone.Deploy.0 = Debug|Any CPU
		{DDB387F3-D65C-4893-86F4-763DAC6C14F6}.AppStore|iPhoneSimulator.ActiveCfg = Debug|Any CPU
		{DDB387F3-D65C-4893-86F4-763DAC6C14F6}.AppStore|iPhoneSimulator.Build.0 = Debug|Any CPU
		{DDB387F3-D65C-4893-86F4-763DAC6C14F6}.AppStore|iPhoneSimulator.Deploy.0 = Debug|Any CPU
		{DDB387F3-D65C-4893-86F4-763DAC6C14F6}.Debug|Any CPU.ActiveCfg = Debug|Any CPU
		{DDB387F3-D65C-4893-86F4-763DAC6C14F6}.Debug|Any CPU.Build.0 = Debug|Any CPU
		{DDB387F3-D65C-4893-86F4-763DAC6C14F6}.Debug|Any CPU.Deploy.0 = Debug|Any CPU
		{DDB387F3-D65C-4893-86F4-763DAC6C14F6}.Debug|iPhone.ActiveCfg = Debug|Any CPU
		{DDB387F3-D65C-4893-86F4-763DAC6C14F6}.Debug|iPhone.Build.0 = Debug|Any CPU
		{DDB387F3-D65C-4893-86F4-763DAC6C14F6}.Debug|iPhone.Deploy.0 = Debug|Any CPU
		{DDB387F3-D65C-4893-86F4-763DAC6C14F6}.Debug|iPhoneSimulator.ActiveCfg = Debug|Any CPU
		{DDB387F3-D65C-4893-86F4-763DAC6C14F6}.Debug|iPhoneSimulator.Build.0 = Debug|Any CPU
		{DDB387F3-D65C-4893-86F4-763DAC6C14F6}.Debug|iPhoneSimulator.Deploy.0 = Debug|Any CPU
		{DDB387F3-D65C-4893-86F4-763DAC6C14F6}.Release|Any CPU.ActiveCfg = Release|Any CPU
		{DDB387F3-D65C-4893-86F4-763DAC6C14F6}.Release|Any CPU.Build.0 = Release|Any CPU
		{DDB387F3-D65C-4893-86F4-763DAC6C14F6}.Release|Any CPU.Deploy.0 = Release|Any CPU
		{DDB387F3-D65C-4893-86F4-763DAC6C14F6}.Release|iPhone.ActiveCfg = Release|Any CPU
		{DDB387F3-D65C-4893-86F4-763DAC6C14F6}.Release|iPhone.Build.0 = Release|Any CPU
		{DDB387F3-D65C-4893-86F4-763DAC6C14F6}.Release|iPhone.Deploy.0 = Release|Any CPU
		{DDB387F3-D65C-4893-86F4-763DAC6C14F6}.Release|iPhoneSimulator.ActiveCfg = Release|Any CPU
		{DDB387F3-D65C-4893-86F4-763DAC6C14F6}.Release|iPhoneSimulator.Build.0 = Release|Any CPU
		{DDB387F3-D65C-4893-86F4-763DAC6C14F6}.Release|iPhoneSimulator.Deploy.0 = Release|Any CPU
	EndGlobalSection
	GlobalSection(SolutionProperties) = preSolution
		HideSolutionNode = FALSE
	EndGlobalSection
	GlobalSection(ExtensibilityGlobals) = postSolution
		SolutionGuid = {D36AF552-08F2-41F6-85CF-0E3C1724FE31}
	EndGlobalSection
EndGlobal
